
Microsoft Visual Studio Solution File, Format Version 12.00
# Visual Studio Version 17
VisualStudioVersion = 17.9.34701.34
MinimumVisualStudioVersion = 10.0.40219.1
Project("{FAE04EC0-301F-11D3-BF4B-00C04F79EFBC}") = "Library Application", "Library Application\Library Application.csproj", "{987AA53A-E359-48DF-8A80-79AC60C62B46}"
EndProject
Global
	GlobalSection(SolutionConfigurationPlatforms) = preSolution
		Debug|Any CPU = Debug|Any CPU
		Release|Any CPU = Release|Any CPU
	EndGlobalSection
	GlobalSection(ProjectConfigurationPlatforms) = postSolution
		{987AA53A-E359-48DF-8A80-79AC60C62B46}.Debug|Any CPU.ActiveCfg = Debug|Any CPU
		{987AA53A-E359-48DF-8A80-79AC60C62B46}.Debug|Any CPU.Build.0 = Debug|Any CPU
		{987AA53A-E359-48DF-8A80-79AC60C62B46}.Release|Any CPU.ActiveCfg = Release|Any CPU
		{987AA53A-E359-48DF-8A80-79AC60C62B46}.Release|Any CPU.Build.0 = Release|Any CPU
	EndGlobalSection
	GlobalSection(SolutionProperties) = preSolution
		HideSolutionNode = FALSE
	EndGlobalSection
	GlobalSection(ExtensibilityGlobals) = postSolution
		SolutionGuid = {278095F8-F08B-4DED-9F31-6D5D9F3286F9}
	EndGlobalSection
EndGlobal
